
Microsoft Visual Studio Solution File, Format Version 12.00
# Visual Studio Version 17
VisualStudioVersion = 17.6.33815.320
MinimumVisualStudioVersion = 10.0.40219.1
Project("{FAE04EC0-301F-11D3-BF4B-00C04F79EFBC}") = "CreatinaAPI", "CreatinaAPI\CreatinaAPI.csproj", "{D94979B0-20E3-4E7E-B906-7D9E9AF97018}"
EndProject
Global
	GlobalSection(SolutionConfigurationPlatforms) = preSolution
		Debug|Any CPU = Debug|Any CPU
		Release|Any CPU = Release|Any CPU
	EndGlobalSection
	GlobalSection(ProjectConfigurationPlatforms) = postSolution
		{D94979B0-20E3-4E7E-B906-7D9E9AF97018}.Debug|Any CPU.ActiveCfg = Debug|Any CPU
		{D94979B0-20E3-4E7E-B906-7D9E9AF97018}.Debug|Any CPU.Build.0 = Debug|Any CPU
		{D94979B0-20E3-4E7E-B906-7D9E9AF97018}.Release|Any CPU.ActiveCfg = Release|Any CPU
		{D94979B0-20E3-4E7E-B906-7D9E9AF97018}.Release|Any CPU.Build.0 = Release|Any CPU
	EndGlobalSection
	GlobalSection(SolutionProperties) = preSolution
		HideSolutionNode = FALSE
	EndGlobalSection
	GlobalSection(ExtensibilityGlobals) = postSolution
		SolutionGuid = {46C0894A-9A0E-4102-A0C8-F3D54611D629}
	EndGlobalSection
EndGlobal
